<?xml version="1.0" encoding="utf-8"?>
<Project ToolsVersion="4.0" xmlns="http://schemas.microsoft.com/developer/msbuild/2003">
  <ItemGroup>
    <Filter Include="Source Files">
      <UniqueIdentifier>{4FC737F1-C7A5-4376-A066-2A32D752A2FF}</UniqueIdentifier>
      <Extensions>cpp;c;cc;cxx;c++;cppm;ixx;def;odl;idl;hpj;bat;asm;asmx;cu</Extensions>
    </Filter>
    <Filter Include="Header Files">
      <UniqueIdentifier>{93995380-89BD-4b04-88EB-625FBE52EBFB}</UniqueIdentifier>
      <Extensions>h;hh;hpp;hxx;h++;hm;inl;inc;ipp;xsd;cuh</Extensions>
    </Filter>
    <Filter Include="Resource Files">
      <UniqueIdentifier>{67DA6AB6-F800-4c08-8B7A-83BB121AAD01}</UniqueIdentifier>
      <Extensions>rc;ico;cur;bmp;dlg;rc2;rct;bin;rgs;gif;jpg;jpeg;jpe;resx;tiff;tif;png;wav;mfcribbon-ms</Extensions>
    </Filter>
    <Filter Include="Unit">
      <UniqueIdentifier>{a6e10ee4-43ce-4372-8019-529523e62233}</UniqueIdentifier>
    </Filter>
    <Filter Include="Unit\App">
      <UniqueIdentifier>{60b37514-1309-4b15-a7f9-effe6fb6a417}</UniqueIdentifier>
    </Filter>
    <Filter Include="Unit\CudapHash">
      <UniqueIdentifier>{775012d3-f288-403c-9038-7cf1c15222c7}</UniqueIdentifier>
    </Filter>
  </ItemGroup>
  <ItemGroup>
    <ClCompile Include="src\Integration.cpp">
      <Filter>Source Files</Filter>
    </ClCompile>
    <ClCompile Include="unit\App\arguments_test.cpp">
      <Filter>Unit\App</Filter>
    </ClCompile>
    <ClCompile Include="main.cpp">
      <Filter>Source Files</Filter>
    </ClCompile>
    <ClCompile Include="unit\App\helpers_test.cpp">
      <Filter>Unit\App</Filter>
    </ClCompile>
    <ClCompile Include="..\App\src\helpers.cpp">
      <Filter>Resource Files</Filter>
    </ClCompile>
    <ClCompile Include="..\third_party\googletest\googletest\src\gtest-all.cc">
      <Filter>Resource Files</Filter>
    </ClCompile>
    <ClCompile Include="..\third_party\googletest\googlemock\src\gmock-all.cc">
      <Filter>Resource Files</Filter>
    </ClCompile>
    <ClCompile Include="..\App\src\arguments.cpp">
      <Filter>Resource Files</Filter>
    </ClCompile>
    <ClCompile Include="unit\CudapHash\memoryManager_test.cpp">
      <Filter>Unit\CudapHash</Filter>
    </ClCompile>
    <ClCompile Include="unit\CudapHash\workQueue_test.cpp">
      <Filter>Unit\CudapHash</Filter>
    </ClCompile>
    <ClCompile Include="unit\CudapHash\kernels_test.cpp">
      <Filter>Unit\CudapHash</Filter>
    </ClCompile>
    <ClCompile Include="unit\CudapHash\kernels_test_wrapper.h">
      <Filter>Unit\CudapHash</Filter>
    </ClCompile>
  </ItemGroup>
  <ItemGroup>
    <CudaCompile Include="unit\CudapHash\kernels_test_wrapper.cu">
      <Filter>Unit\CudapHash</Filter>
    </CudaCompile>
  </ItemGroup>
</Project>