
Microsoft Visual Studio Solution File, Format Version 12.00
# Visual Studio Version 17
VisualStudioVersion = 17.12.35527.113
MinimumVisualStudioVersion = 10.0.40219.1
Project("{8BC9CEB8-8B4A-11D0-8D11-00A0C91BC942}") = "Cuda pHash", ".\Cuda pHash\Cuda pHash.vcxproj", "{05BF1EAF-E03B-4C96-BBB5-D1FA16694B2E}"
EndProject
Project("{8BC9CEB8-8B4A-11D0-8D11-00A0C91BC942}") = "App", ".\App\App.vcxproj", "{45D46641-3D20-4734-9CDD-3AB1FBA068CF}"
	ProjectSection(ProjectDependencies) = postProject
		{05BF1EAF-E03B-4C96-BBB5-D1FA16694B2E} = {05BF1EAF-E03B-4C96-BBB5-D1FA16694B2E}
	EndProjectSection
EndProject
Project("{8BC9CEB8-8B4A-11D0-8D11-00A0C91BC942}") = "Test", ".\Test\Test.vcxproj", "{F6063978-8569-AE60-B497-BCC22815E9D6}"
EndProject
Global
	GlobalSection(SolutionConfigurationPlatforms) = preSolution
		Debug|x64 = Debug|x64
		Debug|x86 = Debug|x86
		Release|x64 = Release|x64
		Release|x86 = Release|x86
	EndGlobalSection
	GlobalSection(ProjectConfigurationPlatforms) = postSolution
		{05BF1EAF-E03B-4C96-BBB5-D1FA16694B2E}.Debug|x64.ActiveCfg = Debug|x64
		{05BF1EAF-E03B-4C96-BBB5-D1FA16694B2E}.Debug|x64.Build.0 = Debug|x64
		{05BF1EAF-E03B-4C96-BBB5-D1FA16694B2E}.Debug|x86.ActiveCfg = Debug|Win32
		{05BF1EAF-E03B-4C96-BBB5-D1FA16694B2E}.Debug|x86.Build.0 = Debug|Win32
		{05BF1EAF-E03B-4C96-BBB5-D1FA16694B2E}.Release|x64.ActiveCfg = Release|x64
		{05BF1EAF-E03B-4C96-BBB5-D1FA16694B2E}.Release|x64.Build.0 = Release|x64
		{05BF1EAF-E03B-4C96-BBB5-D1FA16694B2E}.Release|x86.ActiveCfg = Release|Win32
		{05BF1EAF-E03B-4C96-BBB5-D1FA16694B2E}.Release|x86.Build.0 = Release|Win32
		{45D46641-3D20-4734-9CDD-3AB1FBA068CF}.Debug|x64.ActiveCfg = Debug|x64
		{45D46641-3D20-4734-9CDD-3AB1FBA068CF}.Debug|x64.Build.0 = Debug|x64
		{45D46641-3D20-4734-9CDD-3AB1FBA068CF}.Debug|x86.ActiveCfg = Debug|Win32
		{45D46641-3D20-4734-9CDD-3AB1FBA068CF}.Debug|x86.Build.0 = Debug|Win32
		{45D46641-3D20-4734-9CDD-3AB1FBA068CF}.Release|x64.ActiveCfg = Release|x64
		{45D46641-3D20-4734-9CDD-3AB1FBA068CF}.Release|x64.Build.0 = Release|x64
		{45D46641-3D20-4734-9CDD-3AB1FBA068CF}.Release|x86.ActiveCfg = Release|Win32
		{45D46641-3D20-4734-9CDD-3AB1FBA068CF}.Release|x86.Build.0 = Release|Win32
		{F6063978-8569-AE60-B497-BCC22815E9D6}.Debug|x64.ActiveCfg = Debug|x64
		{F6063978-8569-AE60-B497-BCC22815E9D6}.Debug|x64.Build.0 = Debug|x64
		{F6063978-8569-AE60-B497-BCC22815E9D6}.Debug|x86.ActiveCfg = Debug|Win32
		{F6063978-8569-AE60-B497-BCC22815E9D6}.Debug|x86.Build.0 = Debug|Win32
		{F6063978-8569-AE60-B497-BCC22815E9D6}.Release|x64.ActiveCfg = Release|x64
		{F6063978-8569-AE60-B497-BCC22815E9D6}.Release|x64.Build.0 = Release|x64
		{F6063978-8569-AE60-B497-BCC22815E9D6}.Release|x86.ActiveCfg = Release|Win32
		{F6063978-8569-AE60-B497-BCC22815E9D6}.Release|x86.Build.0 = Release|Win32
	EndGlobalSection
	GlobalSection(SolutionProperties) = preSolution
		HideSolutionNode = FALSE
	EndGlobalSection
	GlobalSection(ExtensibilityGlobals) = postSolution
		SolutionGuid = {E234D55B-9066-44B5-8353-5465FD32056E}
	EndGlobalSection
EndGlobal
